// !$*UTF8*$!
{
	archiveVersion = 1;
	classes = {
	};
	objectVersion = 50;
	objects = {

/* Begin PBXBuildFile section */
		8E713F0B229CD6E4003BAB2E /* AppDelegate.swift in Sources */ = {isa = PBXBuildFile; fileRef = 8E713F0A229CD6E4003BAB2E /* AppDelegate.swift */; };
		8E713F10229CD6E4003BAB2E /* Main.storyboard in Resources */ = {isa = PBXBuildFile; fileRef = 8E713F0E229CD6E4003BAB2E /* Main.storyboard */; };
		8E713F12229CD6E9003BAB2E /* Assets.xcassets in Resources */ = {isa = PBXBuildFile; fileRef = 8E713F11229CD6E9003BAB2E /* Assets.xcassets */; };
		8E713F15229CD6E9003BAB2E /* LaunchScreen.storyboard in Resources */ = {isa = PBXBuildFile; fileRef = 8E713F13229CD6E9003BAB2E /* LaunchScreen.storyboard */; };
		8E713F20229CD6E9003BAB2E /* ToDoListTests.swift in Sources */ = {isa = PBXBuildFile; fileRef = 8E713F1F229CD6E9003BAB2E /* ToDoListTests.swift */; };
		8E713F2B229CD6E9003BAB2E /* ToDoListUITests.swift in Sources */ = {isa = PBXBuildFile; fileRef = 8E713F2A229CD6E9003BAB2E /* ToDoListUITests.swift */; };
		8E713F39229CDD16003BAB2E /* ToDoListTableViewController.swift in Sources */ = {isa = PBXBuildFile; fileRef = 8E713F38229CDD16003BAB2E /* ToDoListTableViewController.swift */; };
		8E713F3B229CEE64003BAB2E /* ToDoViewController.swift in Sources */ = {isa = PBXBuildFile; fileRef = 8E713F3A229CEE64003BAB2E /* ToDoViewController.swift */; };
/* End PBXBuildFile section */

/* Begin PBXContainerItemProxy section */
		8E713F1C229CD6E9003BAB2E /* PBXContainerItemProxy */ = {
			isa = PBXContainerItemProxy;
			containerPortal = 8E713EFF229CD6E4003BAB2E /* Project object */;
			proxyType = 1;
			remoteGlobalIDString = 8E713F06229CD6E4003BAB2E;
			remoteInfo = ToDoList;
		};
		8E713F27229CD6E9003BAB2E /* PBXContainerItemProxy */ = {
			isa = PBXContainerItemProxy;
			containerPortal = 8E713EFF229CD6E4003BAB2E /* Project object */;
			proxyType = 1;
			remoteGlobalIDString = 8E713F06229CD6E4003BAB2E;
			remoteInfo = ToDoList;
		};
/* End PBXContainerItemProxy section */

/* Begin PBXFileReference section */
		8E713F07229CD6E4003BAB2E /* ToDoList.app */ = {isa = PBXFileReference; explicitFileType = wrapper.application; includeInIndex = 0; path = ToDoList.app; sourceTree = BUILT_PRODUCTS_DIR; };
		8E713F0A229CD6E4003BAB2E /* AppDelegate.swift */ = {isa = PBXFileReference; lastKnownFileType = sourcecode.swift; path = AppDelegate.swift; sourceTree = "<group>"; };
		8E713F0F229CD6E4003BAB2E /* Base */ = {isa = PBXFileReference; lastKnownFileType = file.storyboard; name = Base; path = Base.lproj/Main.storyboard; sourceTree = "<group>"; };
		8E713F11229CD6E9003BAB2E /* Assets.xcassets */ = {isa = PBXFileReference; lastKnownFileType = folder.assetcatalog; path = Assets.xcassets; sourceTree = "<group>"; };
		8E713F14229CD6E9003BAB2E /* Base */ = {isa = PBXFileReference; lastKnownFileType = file.storyboard; name = Base; path = Base.lproj/LaunchScreen.storyboard; sourceTree = "<group>"; };
		8E713F16229CD6E9003BAB2E /* Info.plist */ = {isa = PBXFileReference; lastKnownFileType = text.plist.xml; path = Info.plist; sourceTree = "<group>"; };
		8E713F1B229CD6E9003BAB2E /* ToDoListTests.xctest */ = {isa = PBXFileReference; explicitFileType = wrapper.cfbundle; includeInIndex = 0; path = ToDoListTests.xctest; sourceTree = BUILT_PRODUCTS_DIR; };
		8E713F1F229CD6E9003BAB2E /* ToDoListTests.swift */ = {isa = PBXFileReference; lastKnownFileType = sourcecode.swift; path = ToDoListTests.swift; sourceTree = "<group>"; };
		8E713F21229CD6E9003BAB2E /* Info.plist */ = {isa = PBXFileReference; lastKnownFileType = text.plist.xml; path = Info.plist; sourceTree = "<group>"; };
		8E713F26229CD6E9003BAB2E /* ToDoListUITests.xctest */ = {isa = PBXFileReference; explicitFileType = wrapper.cfbundle; includeInIndex = 0; path = ToDoListUITests.xctest; sourceTree = BUILT_PRODUCTS_DIR; };
		8E713F2A229CD6E9003BAB2E /* ToDoListUITests.swift */ = {isa = PBXFileReference; lastKnownFileType = sourcecode.swift; path = ToDoListUITests.swift; sourceTree = "<group>"; };
		8E713F2C229CD6E9003BAB2E /* Info.plist */ = {isa = PBXFileReference; lastKnownFileType = text.plist.xml; path = Info.plist; sourceTree = "<group>"; };
		8E713F38229CDD16003BAB2E /* ToDoListTableViewController.swift */ = {isa = PBXFileReference; lastKnownFileType = sourcecode.swift; path = ToDoListTableViewController.swift; sourceTree = "<group>"; };
		8E713F3A229CEE64003BAB2E /* ToDoViewController.swift */ = {isa = PBXFileReference; lastKnownFileType = sourcecode.swift; path = ToDoViewController.swift; sourceTree = "<group>"; };
/* End PBXFileReference section */

/* Begin PBXFrameworksBuildPhase section */
		8E713F04229CD6E4003BAB2E /* Frameworks */ = {
			isa = PBXFrameworksBuildPhase;
			buildActionMask = 2147483647;
			files = (
			);
			runOnlyForDeploymentPostprocessing = 0;
		};
		8E713F18229CD6E9003BAB2E /* Frameworks */ = {
			isa = PBXFrameworksBuildPhase;
			buildActionMask = 2147483647;
			files = (
			);
			runOnlyForDeploymentPostprocessing = 0;
		};
		8E713F23229CD6E9003BAB2E /* Frameworks */ = {
			isa = PBXFrameworksBuildPhase;
			buildActionMask = 2147483647;
			files = (
			);
			runOnlyForDeploymentPostprocessing = 0;
		};
/* End PBXFrameworksBuildPhase section */

/* Begin PBXGroup section */
		8E713EFE229CD6E4003BAB2E = {
			isa = PBXGroup;
			children = (
				8E713F09229CD6E4003BAB2E /* ToDoList */,
				8E713F1E229CD6E9003BAB2E /* ToDoListTests */,
				8E713F29229CD6E9003BAB2E /* ToDoListUITests */,
				8E713F08229CD6E4003BAB2E /* Products */,
			);
			sourceTree = "<group>";
		};
		8E713F08229CD6E4003BAB2E /* Products */ = {
			isa = PBXGroup;
			children = (
				8E713F07229CD6E4003BAB2E /* ToDoList.app */,
				8E713F1B229CD6E9003BAB2E /* ToDoListTests.xctest */,
				8E713F26229CD6E9003BAB2E /* ToDoListUITests.xctest */,
			);
			name = Products;
			sourceTree = "<group>";
		};
		8E713F09229CD6E4003BAB2E /* ToDoList */ = {
			isa = PBXGroup;
			children = (
				8E713F0A229CD6E4003BAB2E /* AppDelegate.swift */,
				8E713F0E229CD6E4003BAB2E /* Main.storyboard */,
				8E713F11229CD6E9003BAB2E /* Assets.xcassets */,
				8E713F13229CD6E9003BAB2E /* LaunchScreen.storyboard */,
				8E713F16229CD6E9003BAB2E /* Info.plist */,
				8E713F38229CDD16003BAB2E /* ToDoListTableViewController.swift */,
				8E713F3A229CEE64003BAB2E /* ToDoViewController.swift */,
			);
			path = ToDoList;
			sourceTree = "<group>";
		};
		8E713F1E229CD6E9003BAB2E /* ToDoListTests */ = {
			isa = PBXGroup;
			children = (
				8E713F1F229CD6E9003BAB2E /* ToDoListTests.swift */,
				8E713F21229CD6E9003BAB2E /* Info.plist */,
			);
			path = ToDoListTests;
			sourceTree = "<group>";
		};
		8E713F29229CD6E9003BAB2E /* ToDoListUITests */ = {
			isa = PBXGroup;
			children = (
				8E713F2A229CD6E9003BAB2E /* ToDoListUITests.swift */,
				8E713F2C229CD6E9003BAB2E /* Info.plist */,
			);
			path = ToDoListUITests;
			sourceTree = "<group>";
		};
/* End PBXGroup section */

/* Begin PBXNativeTarget section */
		8E713F06229CD6E4003BAB2E /* ToDoList */ = {
			isa = PBXNativeTarget;
			buildConfigurationList = 8E713F2F229CD6E9003BAB2E /* Build configuration list for PBXNativeTarget "ToDoList" */;
			buildPhases = (
				8E713F03229CD6E4003BAB2E /* Sources */,
				8E713F04229CD6E4003BAB2E /* Frameworks */,
				8E713F05229CD6E4003BAB2E /* Resources */,
			);
			buildRules = (
			);
			dependencies = (
			);
			name = ToDoList;
			productName = ToDoList;
			productReference = 8E713F07229CD6E4003BAB2E /* ToDoList.app */;
			productType = "com.apple.product-type.application";
		};
		8E713F1A229CD6E9003BAB2E /* ToDoListTests */ = {
			isa = PBXNativeTarget;
			buildConfigurationList = 8E713F32229CD6E9003BAB2E /* Build configuration list for PBXNativeTarget "ToDoListTests" */;
			buildPhases = (
				8E713F17229CD6E9003BAB2E /* Sources */,
				8E713F18229CD6E9003BAB2E /* Frameworks */,
				8E713F19229CD6E9003BAB2E /* Resources */,
			);
			buildRules = (
			);
			dependencies = (
				8E713F1D229CD6E9003BAB2E /* PBXTargetDependency */,
			);
			name = ToDoListTests;
			productName = ToDoListTests;
			productReference = 8E713F1B229CD6E9003BAB2E /* ToDoListTests.xctest */;
			productType = "com.apple.product-type.bundle.unit-test";
		};
		8E713F25229CD6E9003BAB2E /* ToDoListUITests */ = {
			isa = PBXNativeTarget;
			buildConfigurationList = 8E713F35229CD6E9003BAB2E /* Build configuration list for PBXNativeTarget "ToDoListUITests" */;
			buildPhases = (
				8E713F22229CD6E9003BAB2E /* Sources */,
				8E713F23229CD6E9003BAB2E /* Frameworks */,
				8E713F24229CD6E9003BAB2E /* Resources */,
			);
			buildRules = (
			);
			dependencies = (
				8E713F28229CD6E9003BAB2E /* PBXTargetDependency */,
			);
			name = ToDoListUITests;
			productName = ToDoListUITests;
			productReference = 8E713F26229CD6E9003BAB2E /* ToDoListUITests.xctest */;
			productType = "com.apple.product-type.bundle.ui-testing";
		};
/* End PBXNativeTarget section */

/* Begin PBXProject section */
		8E713EFF229CD6E4003BAB2E /* Project object */ = {
			isa = PBXProject;
			attributes = {
				LastSwiftUpdateCheck = 1020;
				LastUpgradeCheck = 1020;
				ORGANIZATIONNAME = "Anthony Torres";
				TargetAttributes = {
					8E713F06229CD6E4003BAB2E = {
						CreatedOnToolsVersion = 10.2.1;
					};
					8E713F1A229CD6E9003BAB2E = {
						CreatedOnToolsVersion = 10.2.1;
						TestTargetID = 8E713F06229CD6E4003BAB2E;
					};
					8E713F25229CD6E9003BAB2E = {
						CreatedOnToolsVersion = 10.2.1;
						TestTargetID = 8E713F06229CD6E4003BAB2E;
					};
				};
			};
			buildConfigurationList = 8E713F02229CD6E4003BAB2E /* Build configuration list for PBXProject "ToDoList" */;
			compatibilityVersion = "Xcode 9.3";
			developmentRegion = en;
			hasScannedForEncodings = 0;
			knownRegions = (
				en,
				Base,
			);
			mainGroup = 8E713EFE229CD6E4003BAB2E;
			productRefGroup = 8E713F08229CD6E4003BAB2E /* Products */;
			projectDirPath = "";
			projectRoot = "";
			targets = (
				8E713F06229CD6E4003BAB2E /* ToDoList */,
				8E713F1A229CD6E9003BAB2E /* ToDoListTests */,
				8E713F25229CD6E9003BAB2E /* ToDoListUITests */,
			);
		};
/* End PBXProject section */

/* Begin PBXResourcesBuildPhase section */
		8E713F05229CD6E4003BAB2E /* Resources */ = {
			isa = PBXResourcesBuildPhase;
			buildActionMask = 2147483647;
			files = (
				8E713F15229CD6E9003BAB2E /* LaunchScreen.storyboard in Resources */,
				8E713F12229CD6E9003BAB2E /* Assets.xcassets in Resources */,
				8E713F10229CD6E4003BAB2E /* Main.storyboard in Resources */,
			);
			runOnlyForDeploymentPostprocessing = 0;
		};
		8E713F19229CD6E9003BAB2E /* Resources */ = {
			isa = PBXResourcesBuildPhase;
			buildActionMask = 2147483647;
			files = (
			);
			runOnlyForDeploymentPostprocessing = 0;
		};
		8E713F24229CD6E9003BAB2E /* Resources */ = {
			isa = PBXResourcesBuildPhase;
			buildActionMask = 2147483647;
			files = (
			);
			runOnlyForDeploymentPostprocessing = 0;
		};
/* End PBXResourcesBuildPhase section */

/* Begin PBXSourcesBuildPhase section */
		8E713F03229CD6E4003BAB2E /* Sources */ = {
			isa = PBXSourcesBuildPhase;
			buildActionMask = 2147483647;
			files = (
				8E713F0B229CD6E4003BAB2E /* AppDelegate.swift in Sources */,
				8E713F3B229CEE64003BAB2E /* ToDoViewController.swift in Sources */,
				8E713F39229CDD16003BAB2E /* ToDoListTableViewController.swift in Sources */,
			);
			runOnlyForDeploymentPostprocessing = 0;
		};
		8E713F17229CD6E9003BAB2E /* Sources */ = {
			isa = PBXSourcesBuildPhase;
			buildActionMask = 2147483647;
			files = (
				8E713F20229CD6E9003BAB2E /* ToDoListTests.swift in Sources */,
			);
			runOnlyForDeploymentPostprocessing = 0;
		};
		8E713F22229CD6E9003BAB2E /* Sources */ = {
			isa = PBXSourcesBuildPhase;
			buildActionMask = 2147483647;
			files = (
				8E713F2B229CD6E9003BAB2E /* ToDoListUITests.swift in Sources */,
			);
			runOnlyForDeploymentPostprocessing = 0;
		};
/* End PBXSourcesBuildPhase section */

/* Begin PBXTargetDependency section */
		8E713F1D229CD6E9003BAB2E /* PBXTargetDependency */ = {
			isa = PBXTargetDependency;
			target = 8E713F06229CD6E4003BAB2E /* ToDoList */;
			targetProxy = 8E713F1C229CD6E9003BAB2E /* PBXContainerItemProxy */;
		};
		8E713F28229CD6E9003BAB2E /* PBXTargetDependency */ = {
			isa = PBXTargetDependency;
			target = 8E713F06229CD6E4003BAB2E /* ToDoList */;
			targetProxy = 8E713F27229CD6E9003BAB2E /* PBXContainerItemProxy */;
		};
/* End PBXTargetDependency section */

/* Begin PBXVariantGroup section */
		8E713F0E229CD6E4003BAB2E /* Main.storyboard */ = {
			isa = PBXVariantGroup;
			children = (
				8E713F0F229CD6E4003BAB2E /* Base */,
			);
			name = Main.storyboard;
			sourceTree = "<group>";
		};
		8E713F13229CD6E9003BAB2E /* LaunchScreen.storyboard */ = {
			isa = PBXVariantGroup;
			children = (
				8E713F14229CD6E9003BAB2E /* Base */,
			);
			name = LaunchScreen.storyboard;
			sourceTree = "<group>";
		};
/* End PBXVariantGroup section */

/* Begin XCBuildConfiguration section */
		8E713F2D229CD6E9003BAB2E /* Debug */ = {
			isa = XCBuildConfiguration;
			buildSettings = {
				ALWAYS_SEARCH_USER_PATHS = NO;
				CLANG_ANALYZER_NONNULL = YES;
				CLANG_ANALYZER_NUMBER_OBJECT_CONVERSION = YES_AGGRESSIVE;
				CLANG_CXX_LANGUAGE_STANDARD = "gnu++14";
				CLANG_CXX_LIBRARY = "libc++";
				CLANG_ENABLE_MODULES = YES;
				CLANG_ENABLE_OBJC_ARC = YES;
				CLANG_ENABLE_OBJC_WEAK = YES;
				CLANG_WARN_BLOCK_CAPTURE_AUTORELEASING = YES;
				CLANG_WARN_BOOL_CONVERSION = YES;
				CLANG_WARN_COMMA = YES;
				CLANG_WARN_CONSTANT_CONVERSION = YES;
				CLANG_WARN_DEPRECATED_OBJC_IMPLEMENTATIONS = YES;
				CLANG_WARN_DIRECT_OBJC_ISA_USAGE = YES_ERROR;
				CLANG_WARN_DOCUMENTATION_COMMENTS = YES;
				CLANG_WARN_EMPTY_BODY = YES;
				CLANG_WARN_ENUM_CONVERSION = YES;
				CLANG_WARN_INFINITE_RECURSION = YES;
				CLANG_WARN_INT_CONVERSION = YES;
				CLANG_WARN_NON_LITERAL_NULL_CONVERSION = YES;
				CLANG_WARN_OBJC_IMPLICIT_RETAIN_SELF = YES;
				CLANG_WARN_OBJC_LITERAL_CONVERSION = YES;
				CLANG_WARN_OBJC_ROOT_CLASS = YES_ERROR;
				CLANG_WARN_RANGE_LOOP_ANALYSIS = YES;
				CLANG_WARN_STRICT_PROTOTYPES = YES;
				CLANG_WARN_SUSPICIOUS_MOVE = YES;
				CLANG_WARN_UNGUARDED_AVAILABILITY = YES_AGGRESSIVE;
				CLANG_WARN_UNREACHABLE_CODE = YES;
				CLANG_WARN__DUPLICATE_METHOD_MATCH = YES;
				CODE_SIGN_IDENTITY = "iPhone Developer";
				COPY_PHASE_STRIP = NO;
				DEBUG_INFORMATION_FORMAT = dwarf;
				ENABLE_STRICT_OBJC_MSGSEND = YES;
				ENABLE_TESTABILITY = YES;
				GCC_C_LANGUAGE_STANDARD = gnu11;
				GCC_DYNAMIC_NO_PIC = NO;
				GCC_NO_COMMON_BLOCKS = YES;
				GCC_OPTIMIZATION_LEVEL = 0;
				GCC_PREPROCESSOR_DEFINITIONS = (
					"DEBUG=1",
					"$(inherited)",
				);
				GCC_WARN_64_TO_32_BIT_CONVERSION = YES;
				GCC_WARN_ABOUT_RETURN_TYPE = YES_ERROR;
				GCC_WARN_UNDECLARED_SELECTOR = YES;
				GCC_WARN_UNINITIALIZED_AUTOS = YES_AGGRESSIVE;
				GCC_WARN_UNUSED_FUNCTION = YES;
				GCC_WARN_UNUSED_VARIABLE = YES;
				IPHONEOS_DEPLOYMENT_TARGET = 12.2;
				MTL_ENABLE_DEBUG_INFO = INCLUDE_SOURCE;
				MTL_FAST_MATH = YES;
				ONLY_ACTIVE_ARCH = YES;
				SDKROOT = iphoneos;
				SWIFT_ACTIVE_COMPILATION_CONDITIONS = DEBUG;
				SWIFT_OPTIMIZATION_LEVEL = "-Onone";
			};
			name = Debug;
		};
		8E713F2E229CD6E9003BAB2E /* Release */ = {
			isa = XCBuildConfiguration;
			buildSettings = {
				ALWAYS_SEARCH_USER_PATHS = NO;
				CLANG_ANALYZER_NONNULL = YES;
				CLANG_ANALYZER_NUMBER_OBJECT_CONVERSION = YES_AGGRESSIVE;
				CLANG_CXX_LANGUAGE_STANDARD = "gnu++14";
				CLANG_CXX_LIBRARY = "libc++";
				CLANG_ENABLE_MODULES = YES;
				CLANG_ENABLE_OBJC_ARC = YES;
				CLANG_ENABLE_OBJC_WEAK = YES;
				CLANG_WARN_BLOCK_CAPTURE_AUTORELEASING = YES;
				CLANG_WARN_BOOL_CONVERSION = YES;
				CLANG_WARN_COMMA = YES;
				CLANG_WARN_CONSTANT_CONVERSION = YES;
				CLANG_WARN_DEPRECATED_OBJC_IMPLEMENTATIONS = YES;
				CLANG_WARN_DIRECT_OBJC_ISA_USAGE = YES_ERROR;
				CLANG_WARN_DOCUMENTATION_COMMENTS = YES;
				CLANG_WARN_EMPTY_BODY = YES;
				CLANG_WARN_ENUM_CONVERSION = YES;
				CLANG_WARN_INFINITE_RECURSION = YES;
				CLANG_WARN_INT_CONVERSION = YES;
				CLANG_WARN_NON_LITERAL_NULL_CONVERSION = YES;
				CLANG_WARN_OBJC_IMPLICIT_RETAIN_SELF = YES;
				CLANG_WARN_OBJC_LITERAL_CONVERSION = YES;
				CLANG_WARN_OBJC_ROOT_CLASS = YES_ERROR;
				CLANG_WARN_RANGE_LOOP_ANALYSIS = YES;
				CLANG_WARN_STRICT_PROTOTYPES = YES;
				CLANG_WARN_SUSPICIOUS_MOVE = YES;
				CLANG_WARN_UNGUARDED_AVAILABILITY = YES_AGGRESSIVE;
				CLANG_WARN_UNREACHABLE_CODE = YES;
				CLANG_WARN__DUPLICATE_METHOD_MATCH = YES;
				CODE_SIGN_IDENTITY = "iPhone Developer";
				COPY_PHASE_STRIP = NO;
				DEBUG_INFORMATION_FORMAT = "dwarf-with-dsym";
				ENABLE_NS_ASSERTIONS = NO;
				ENABLE_STRICT_OBJC_MSGSEND = YES;
				GCC_C_LANGUAGE_STANDARD = gnu11;
				GCC_NO_COMMON_BLOCKS = YES;
				GCC_WARN_64_TO_32_BIT_CONVERSION = YES;
				GCC_WARN_ABOUT_RETURN_TYPE = YES_ERROR;
				GCC_WARN_UNDECLARED_SELECTOR = YES;
				GCC_WARN_UNINITIALIZED_AUTOS = YES_AGGRESSIVE;
				GCC_WARN_UNUSED_FUNCTION = YES;
				GCC_WARN_UNUSED_VARIABLE = YES;
				IPHONEOS_DEPLOYMENT_TARGET = 12.2;
				MTL_ENABLE_DEBUG_INFO = NO;
				MTL_FAST_MATH = YES;
				SDKROOT = iphoneos;
				SWIFT_COMPILATION_MODE = wholemodule;
				SWIFT_OPTIMIZATION_LEVEL = "-O";
				VALIDATE_PRODUCT = YES;
			};
			name = Release;
		};
		8E713F30229CD6E9003BAB2E /* Debug */ = {
			isa = XCBuildConfiguration;
			buildSettings = {
				ASSETCATALOG_COMPILER_APPICON_NAME = AppIcon;
				CODE_SIGN_STYLE = Automatic;
				INFOPLIST_FILE = ToDoList/Info.plist;
				LD_RUNPATH_SEARCH_PATHS = (
					"$(inherited)",
					"@executable_path/Frameworks",
				);
				PRODUCT_BUNDLE_IDENTIFIER = Anthony.ToDoList;
				PRODUCT_NAME = "$(TARGET_NAME)";
				SWIFT_VERSION = 5.0;
				TARGETED_DEVICE_FAMILY = "1,2";
			};
			name = Debug;
		};
		8E713F31229CD6E9003BAB2E /* Release */ = {
			isa = XCBuildConfiguration;
			buildSettings = {
				ASSETCATALOG_COMPILER_APPICON_NAME = AppIcon;
				CODE_SIGN_STYLE = Automatic;
				INFOPLIST_FILE = ToDoList/Info.plist;
				LD_RUNPATH_SEARCH_PATHS = (
					"$(inherited)",
					"@executable_path/Frameworks",
				);
				PRODUCT_BUNDLE_IDENTIFIER = Anthony.ToDoList;
				PRODUCT_NAME = "$(TARGET_NAME)";
				SWIFT_VERSION = 5.0;
				TARGETED_DEVICE_FAMILY = "1,2";
			};
			name = Release;
		};
		8E713F33229CD6E9003BAB2E /* Debug */ = {
			isa = XCBuildConfiguration;
			buildSettings = {
				ALWAYS_EMBED_SWIFT_STANDARD_LIBRARIES = YES;
				BUNDLE_LOADER = "$(TEST_HOST)";
				CODE_SIGN_STYLE = Automatic;
				INFOPLIST_FILE = ToDoListTests/Info.plist;
				LD_RUNPATH_SEARCH_PATHS = (
					"$(inherited)",
					"@executable_path/Frameworks",
					"@loader_path/Frameworks",
				);
				PRODUCT_BUNDLE_IDENTIFIER = Anthony.ToDoListTests;
				PRODUCT_NAME = "$(TARGET_NAME)";
				SWIFT_VERSION = 5.0;
				TARGETED_DEVICE_FAMILY = "1,2";
				TEST_HOST = "$(BUILT_PRODUCTS_DIR)/ToDoList.app/ToDoList";
			};
			name = Debug;
		};
		8E713F34229CD6E9003BAB2E /* Release */ = {
			isa = XCBuildConfiguration;
			buildSettings = {
				ALWAYS_EMBED_SWIFT_STANDARD_LIBRARIES = YES;
				BUNDLE_LOADER = "$(TEST_HOST)";
				CODE_SIGN_STYLE = Automatic;
				INFOPLIST_FILE = ToDoListTests/Info.plist;
				LD_RUNPATH_SEARCH_PATHS = (
					"$(inherited)",
					"@executable_path/Frameworks",
					"@loader_path/Frameworks",
				);
				PRODUCT_BUNDLE_IDENTIFIER = Anthony.ToDoListTests;
				PRODUCT_NAME = "$(TARGET_NAME)";
				SWIFT_VERSION = 5.0;
				TARGETED_DEVICE_FAMILY = "1,2";
				TEST_HOST = "$(BUILT_PRODUCTS_DIR)/ToDoList.app/ToDoList";
			};
			name = Release;
		};
		8E713F36229CD6E9003BAB2E /* Debug */ = {
			isa = XCBuildConfiguration;
			buildSettings = {
				ALWAYS_EMBED_SWIFT_STANDARD_LIBRARIES = YES;
				CODE_SIGN_STYLE = Automatic;
				INFOPLIST_FILE = ToDoListUITests/Info.plist;
				LD_RUNPATH_SEARCH_PATHS = (
					"$(inherited)",
					"@executable_path/Frameworks",
					"@loader_path/Frameworks",
				);
				PRODUCT_BUNDLE_IDENTIFIER = Anthony.ToDoListUITests;
				PRODUCT_NAME = "$(TARGET_NAME)";
				SWIFT_VERSION = 5.0;
				TARGETED_DEVICE_FAMILY = "1,2";
				TEST_TARGET_NAME = ToDoList;
			};
			name = Debug;
		};
		8E713F37229CD6E9003BAB2E /* Release */ = {
			isa = XCBuildConfiguration;
			buildSettings = {
				ALWAYS_EMBED_SWIFT_STANDARD_LIBRARIES = YES;
				CODE_SIGN_STYLE = Automatic;
				INFOPLIST_FILE = ToDoListUITests/Info.plist;
				LD_RUNPATH_SEARCH_PATHS = (
					"$(inherited)",
					"@executable_path/Frameworks",
					"@loader_path/Frameworks",
				);
				PRODUCT_BUNDLE_IDENTIFIER = Anthony.ToDoListUITests;
				PRODUCT_NAME = "$(TARGET_NAME)";
				SWIFT_VERSION = 5.0;
				TARGETED_DEVICE_FAMILY = "1,2";
				TEST_TARGET_NAME = ToDoList;
			};
			name = Release;
		};
/* End XCBuildConfiguration section */

/* Begin XCConfigurationList section */
		8E713F02229CD6E4003BAB2E /* Build configuration list for PBXProject "ToDoList" */ = {
			isa = XCConfigurationList;
			buildConfigurations = (
				8E713F2D229CD6E9003BAB2E /* Debug */,
				8E713F2E229CD6E9003BAB2E /* Release */,
			);
			defaultConfigurationIsVisible = 0;
			defaultConfigurationName = Release;
		};
		8E713F2F229CD6E9003BAB2E /* Build configuration list for PBXNativeTarget "ToDoList" */ = {
			isa = XCConfigurationList;
			buildConfigurations = (
				8E713F30229CD6E9003BAB2E /* Debug */,
				8E713F31229CD6E9003BAB2E /* Release */,
			);
			defaultConfigurationIsVisible = 0;
			defaultConfigurationName = Release;
		};
		8E713F32229CD6E9003BAB2E /* Build configuration list for PBXNativeTarget "ToDoListTests" */ = {
			isa = XCConfigurationList;
			buildConfigurations = (
				8E713F33229CD6E9003BAB2E /* Debug */,
				8E713F34229CD6E9003BAB2E /* Release */,
			);
			defaultConfigurationIsVisible = 0;
			defaultConfigurationName = Release;
		};
		8E713F35229CD6E9003BAB2E /* Build configuration list for PBXNativeTarget "ToDoListUITests" */ = {
			isa = XCConfigurationList;
			buildConfigurations = (
				8E713F36229CD6E9003BAB2E /* Debug */,
				8E713F37229CD6E9003BAB2E /* Release */,
			);
			defaultConfigurationIsVisible = 0;
			defaultConfigurationName = Release;
		};
/* End XCConfigurationList section */
	};
	rootObject = 8E713EFF229CD6E4003BAB2E /* Project object */;
}
